
Microsoft Visual Studio Solution File, Format Version 12.00
# Visual Studio 2012
Project("{FAE04EC0-301F-11D3-BF4B-00C04F79EFBC}") = "VisualGGPK", "VisualGGPK\VisualGGPK.csproj", "{5DEF5905-D80F-47BD-85DB-7B83B5815247}"
EndProject
Project("{FAE04EC0-301F-11D3-BF4B-00C04F79EFBC}") = "LibGGPK", "LibGGPK\LibGGPK.csproj", "{6D97AF87-4B0A-4F43-A209-801CC72ABE75}"
EndProject
Project("{FAE04EC0-301F-11D3-BF4B-00C04F79EFBC}") = "TestProject", "TestProject\TestProject.csproj", "{65A32E6A-4D2F-4BB0-AAD5-956615110F47}"
EndProject
Project("{FAE04EC0-301F-11D3-BF4B-00C04F79EFBC}") = "LibDat", "LibDat\LibDat.csproj", "{8F9FC78E-6181-4447-AC45-56173C16A0FA}"
EndProject
Project("{FAE04EC0-301F-11D3-BF4B-00C04F79EFBC}") = "PoeStrings", "PoeStrings\PoeStrings.csproj", "{F6AB4750-B24F-47FD-9827-97FF93027444}"
EndProject
Global
	GlobalSection(SolutionConfigurationPlatforms) = preSolution
		Debug|Any CPU = Debug|Any CPU
		Debug|Mixed Platforms = Debug|Mixed Platforms
		Debug|x86 = Debug|x86
		Release|Any CPU = Release|Any CPU
		Release|Mixed Platforms = Release|Mixed Platforms
		Release|x86 = Release|x86
	EndGlobalSection
	GlobalSection(ProjectConfigurationPlatforms) = postSolution
		{5DEF5905-D80F-47BD-85DB-7B83B5815247}.Debug|Any CPU.ActiveCfg = Debug|x86
		{5DEF5905-D80F-47BD-85DB-7B83B5815247}.Debug|Mixed Platforms.ActiveCfg = Debug|x86
		{5DEF5905-D80F-47BD-85DB-7B83B5815247}.Debug|Mixed Platforms.Build.0 = Debug|x86
		{5DEF5905-D80F-47BD-85DB-7B83B5815247}.Debug|x86.ActiveCfg = Debug|x86
		{5DEF5905-D80F-47BD-85DB-7B83B5815247}.Debug|x86.Build.0 = Debug|x86
		{5DEF5905-D80F-47BD-85DB-7B83B5815247}.Release|Any CPU.ActiveCfg = Release|x86
		{5DEF5905-D80F-47BD-85DB-7B83B5815247}.Release|Mixed Platforms.ActiveCfg = Release|x86
		{5DEF5905-D80F-47BD-85DB-7B83B5815247}.Release|Mixed Platforms.Build.0 = Release|x86
		{5DEF5905-D80F-47BD-85DB-7B83B5815247}.Release|x86.ActiveCfg = Release|x86
		{5DEF5905-D80F-47BD-85DB-7B83B5815247}.Release|x86.Build.0 = Release|x86
		{6D97AF87-4B0A-4F43-A209-801CC72ABE75}.Debug|Any CPU.ActiveCfg = Debug|Any CPU
		{6D97AF87-4B0A-4F43-A209-801CC72ABE75}.Debug|Any CPU.Build.0 = Debug|Any CPU
		{6D97AF87-4B0A-4F43-A209-801CC72ABE75}.Debug|Mixed Platforms.ActiveCfg = Debug|Any CPU
		{6D97AF87-4B0A-4F43-A209-801CC72ABE75}.Debug|Mixed Platforms.Build.0 = Debug|Any CPU
		{6D97AF87-4B0A-4F43-A209-801CC72ABE75}.Debug|x86.ActiveCfg = Debug|Any CPU
		{6D97AF87-4B0A-4F43-A209-801CC72ABE75}.Release|Any CPU.ActiveCfg = Release|Any CPU
		{6D97AF87-4B0A-4F43-A209-801CC72ABE75}.Release|Any CPU.Build.0 = Release|Any CPU
		{6D97AF87-4B0A-4F43-A209-801CC72ABE75}.Release|Mixed Platforms.ActiveCfg = Release|Any CPU
		{6D97AF87-4B0A-4F43-A209-801CC72ABE75}.Release|Mixed Platforms.Build.0 = Release|Any CPU
		{6D97AF87-4B0A-4F43-A209-801CC72ABE75}.Release|x86.ActiveCfg = Release|Any CPU
		{65A32E6A-4D2F-4BB0-AAD5-956615110F47}.Debug|Any CPU.ActiveCfg = Debug|x86
		{65A32E6A-4D2F-4BB0-AAD5-956615110F47}.Debug|Mixed Platforms.ActiveCfg = Debug|x86
		{65A32E6A-4D2F-4BB0-AAD5-956615110F47}.Debug|Mixed Platforms.Build.0 = Debug|x86
		{65A32E6A-4D2F-4BB0-AAD5-956615110F47}.Debug|x86.ActiveCfg = Debug|x86
		{65A32E6A-4D2F-4BB0-AAD5-956615110F47}.Debug|x86.Build.0 = Debug|x86
		{65A32E6A-4D2F-4BB0-AAD5-956615110F47}.Release|Any CPU.ActiveCfg = Release|x86
		{65A32E6A-4D2F-4BB0-AAD5-956615110F47}.Release|Mixed Platforms.ActiveCfg = Release|x86
		{65A32E6A-4D2F-4BB0-AAD5-956615110F47}.Release|Mixed Platforms.Build.0 = Release|x86
		{65A32E6A-4D2F-4BB0-AAD5-956615110F47}.Release|x86.ActiveCfg = Release|x86
		{65A32E6A-4D2F-4BB0-AAD5-956615110F47}.Release|x86.Build.0 = Release|x86
		{8F9FC78E-6181-4447-AC45-56173C16A0FA}.Debug|Any CPU.ActiveCfg = Debug|Any CPU
		{8F9FC78E-6181-4447-AC45-56173C16A0FA}.Debug|Any CPU.Build.0 = Debug|Any CPU
		{8F9FC78E-6181-4447-AC45-56173C16A0FA}.Debug|Mixed Platforms.ActiveCfg = Debug|Any CPU
		{8F9FC78E-6181-4447-AC45-56173C16A0FA}.Debug|Mixed Platforms.Build.0 = Debug|Any CPU
		{8F9FC78E-6181-4447-AC45-56173C16A0FA}.Debug|x86.ActiveCfg = Debug|Any CPU
		{8F9FC78E-6181-4447-AC45-56173C16A0FA}.Release|Any CPU.ActiveCfg = Release|Any CPU
		{8F9FC78E-6181-4447-AC45-56173C16A0FA}.Release|Any CPU.Build.0 = Release|Any CPU
		{8F9FC78E-6181-4447-AC45-56173C16A0FA}.Release|Mixed Platforms.ActiveCfg = Release|Any CPU
		{8F9FC78E-6181-4447-AC45-56173C16A0FA}.Release|Mixed Platforms.Build.0 = Release|Any CPU
		{8F9FC78E-6181-4447-AC45-56173C16A0FA}.Release|x86.ActiveCfg = Release|Any CPU
		{F6AB4750-B24F-47FD-9827-97FF93027444}.Debug|Any CPU.ActiveCfg = Debug|Any CPU
		{F6AB4750-B24F-47FD-9827-97FF93027444}.Debug|Any CPU.Build.0 = Debug|Any CPU
		{F6AB4750-B24F-47FD-9827-97FF93027444}.Debug|Mixed Platforms.ActiveCfg = Debug|Any CPU
		{F6AB4750-B24F-47FD-9827-97FF93027444}.Debug|Mixed Platforms.Build.0 = Debug|Any CPU
		{F6AB4750-B24F-47FD-9827-97FF93027444}.Debug|x86.ActiveCfg = Debug|Any CPU
		{F6AB4750-B24F-47FD-9827-97FF93027444}.Release|Any CPU.ActiveCfg = Release|Any CPU
		{F6AB4750-B24F-47FD-9827-97FF93027444}.Release|Any CPU.Build.0 = Release|Any CPU
		{F6AB4750-B24F-47FD-9827-97FF93027444}.Release|Mixed Platforms.ActiveCfg = Release|Any CPU
		{F6AB4750-B24F-47FD-9827-97FF93027444}.Release|Mixed Platforms.Build.0 = Release|Any CPU
		{F6AB4750-B24F-47FD-9827-97FF93027444}.Release|x86.ActiveCfg = Release|Any CPU
	EndGlobalSection
	GlobalSection(SolutionProperties) = preSolution
		HideSolutionNode = FALSE
	EndGlobalSection
EndGlobal
